
Microsoft Visual Studio Solution File, Format Version 12.00
# Visual Studio 2013
VisualStudioVersion = 12.0.21005.1
MinimumVisualStudioVersion = 10.0.40219.1
Project("{FAE04EC0-301F-11D3-BF4B-00C04F79EFBC}") = "Amido.Testing.Jwt", "Amido.Testing.Jwt\Amido.Testing.Jwt.csproj", "{905D1FC9-4EFF-4836-A7A3-075C0CB98D07}"
EndProject
Project("{2150E333-8FDC-42A3-9474-1A3956D46DE8}") = ".nuget", ".nuget", "{CF411A70-D5B7-41E5-BDE0-698DE29E23FD}"
	ProjectSection(SolutionItems) = preProject
		.nuget\NuGet.Config = .nuget\NuGet.Config
		.nuget\NuGet.exe = .nuget\NuGet.exe
		.nuget\NuGet.targets = .nuget\NuGet.targets
	EndProjectSection
EndProject
Global
	GlobalSection(SolutionConfigurationPlatforms) = preSolution
		Debug|Any CPU = Debug|Any CPU
		Release|Any CPU = Release|Any CPU
	EndGlobalSection
	GlobalSection(ProjectConfigurationPlatforms) = postSolution
		{905D1FC9-4EFF-4836-A7A3-075C0CB98D07}.Debug|Any CPU.ActiveCfg = Debug|Any CPU
		{905D1FC9-4EFF-4836-A7A3-075C0CB98D07}.Debug|Any CPU.Build.0 = Debug|Any CPU
		{905D1FC9-4EFF-4836-A7A3-075C0CB98D07}.Release|Any CPU.ActiveCfg = Release|Any CPU
		{905D1FC9-4EFF-4836-A7A3-075C0CB98D07}.Release|Any CPU.Build.0 = Release|Any CPU
	EndGlobalSection
	GlobalSection(SolutionProperties) = preSolution
		HideSolutionNode = FALSE
	EndGlobalSection
EndGlobal
